// !$*UTF8*$!
{
	archiveVersion = 1;
	classes = {
	};
	objectVersion = 50;
	objects = {

/* Begin PBXBuildFile section */
		EDCC3149259137130022A916 /* AppDelegate.swift in Sources */ = {isa = PBXBuildFile; fileRef = EDCC3148259137130022A916 /* AppDelegate.swift */; };
		EDCC314B259137130022A916 /* SceneDelegate.swift in Sources */ = {isa = PBXBuildFile; fileRef = EDCC314A259137130022A916 /* SceneDelegate.swift */; };
		EDCC314D259137130022A916 /* ViewController.swift in Sources */ = {isa = PBXBuildFile; fileRef = EDCC314C259137130022A916 /* ViewController.swift */; };
		EDCC3150259137130022A916 /* Main.storyboard in Resources */ = {isa = PBXBuildFile; fileRef = EDCC314E259137130022A916 /* Main.storyboard */; };
		EDCC3153259137130022A916 /* FMNetworkExample.xcdatamodeld in Sources */ = {isa = PBXBuildFile; fileRef = EDCC3151259137130022A916 /* FMNetworkExample.xcdatamodeld */; };
		EDCC3155259137190022A916 /* Assets.xcassets in Resources */ = {isa = PBXBuildFile; fileRef = EDCC3154259137190022A916 /* Assets.xcassets */; };
		EDCC3158259137190022A916 /* LaunchScreen.storyboard in Resources */ = {isa = PBXBuildFile; fileRef = EDCC3156259137190022A916 /* LaunchScreen.storyboard */; };
/* End PBXBuildFile section */

/* Begin PBXFileReference section */
		EDCC3145259137130022A916 /* FMNetworkExample.app */ = {isa = PBXFileReference; explicitFileType = wrapper.application; includeInIndex = 0; path = FMNetworkExample.app; sourceTree = BUILT_PRODUCTS_DIR; };
		EDCC3148259137130022A916 /* AppDelegate.swift */ = {isa = PBXFileReference; lastKnownFileType = sourcecode.swift; path = AppDelegate.swift; sourceTree = "<group>"; };
		EDCC314A259137130022A916 /* SceneDelegate.swift */ = {isa = PBXFileReference; lastKnownFileType = sourcecode.swift; path = SceneDelegate.swift; sourceTree = "<group>"; };
		EDCC314C259137130022A916 /* ViewController.swift */ = {isa = PBXFileReference; lastKnownFileType = sourcecode.swift; path = ViewController.swift; sourceTree = "<group>"; };
		EDCC314F259137130022A916 /* Base */ = {isa = PBXFileReference; lastKnownFileType = file.storyboard; name = Base; path = Base.lproj/Main.storyboard; sourceTree = "<group>"; };
		EDCC3152259137130022A916 /* FMNetworkExample.xcdatamodel */ = {isa = PBXFileReference; lastKnownFileType = wrapper.xcdatamodel; path = FMNetworkExample.xcdatamodel; sourceTree = "<group>"; };
		EDCC3154259137190022A916 /* Assets.xcassets */ = {isa = PBXFileReference; lastKnownFileType = folder.assetcatalog; path = Assets.xcassets; sourceTree = "<group>"; };
		EDCC3157259137190022A916 /* Base */ = {isa = PBXFileReference; lastKnownFileType = file.storyboard; name = Base; path = Base.lproj/LaunchScreen.storyboard; sourceTree = "<group>"; };
		EDCC3159259137190022A916 /* Info.plist */ = {isa = PBXFileReference; lastKnownFileType = text.plist.xml; path = Info.plist; sourceTree = "<group>"; };
/* End PBXFileReference section */

/* Begin PBXFrameworksBuildPhase section */
		EDCC3142259137120022A916 /* Frameworks */ = {
			isa = PBXFrameworksBuildPhase;
			buildActionMask = 2147483647;
			files = (
			);
			runOnlyForDeploymentPostprocessing = 0;
		};
/* End PBXFrameworksBuildPhase section */

/* Begin PBXGroup section */
		EDCC313C259137120022A916 = {
			isa = PBXGroup;
			children = (
				EDCC3147259137130022A916 /* FMNetworkExample */,
				EDCC3146259137130022A916 /* Products */,
			);
			sourceTree = "<group>";
		};
		EDCC3146259137130022A916 /* Products */ = {
			isa = PBXGroup;
			children = (
				EDCC3145259137130022A916 /* FMNetworkExample.app */,
			);
			name = Products;
			sourceTree = "<group>";
		};
		EDCC3147259137130022A916 /* FMNetworkExample */ = {
			isa = PBXGroup;
			children = (
				EDCC3148259137130022A916 /* AppDelegate.swift */,
				EDCC314A259137130022A916 /* SceneDelegate.swift */,
				EDCC314C259137130022A916 /* ViewController.swift */,
				EDCC314E259137130022A916 /* Main.storyboard */,
				EDCC3154259137190022A916 /* Assets.xcassets */,
				EDCC3156259137190022A916 /* LaunchScreen.storyboard */,
				EDCC3159259137190022A916 /* Info.plist */,
				EDCC3151259137130022A916 /* FMNetworkExample.xcdatamodeld */,
			);
			path = FMNetworkExample;
			sourceTree = "<group>";
		};
/* End PBXGroup section */

/* Begin PBXNativeTarget section */
		EDCC3144259137120022A916 /* FMNetworkExample */ = {
			isa = PBXNativeTarget;
			buildConfigurationList = EDCC315C259137190022A916 /* Build configuration list for PBXNativeTarget "FMNetworkExample" */;
			buildPhases = (
				EDCC3141259137120022A916 /* Sources */,
				EDCC3142259137120022A916 /* Frameworks */,
				EDCC3143259137120022A916 /* Resources */,
			);
			buildRules = (
			);
			dependencies = (
			);
			name = FMNetworkExample;
			productName = FMNetworkExample;
			productReference = EDCC3145259137130022A916 /* FMNetworkExample.app */;
			productType = "com.apple.product-type.application";
		};
/* End PBXNativeTarget section */

/* Begin PBXProject section */
		EDCC313D259137120022A916 /* Project object */ = {
			isa = PBXProject;
			attributes = {
				LastSwiftUpdateCheck = 1230;
				LastUpgradeCheck = 1230;
				TargetAttributes = {
					EDCC3144259137120022A916 = {
						CreatedOnToolsVersion = 12.3;
					};
				};
			};
			buildConfigurationList = EDCC3140259137120022A916 /* Build configuration list for PBXProject "FMNetworkExample" */;
			compatibilityVersion = "Xcode 9.3";
			developmentRegion = en;
			hasScannedForEncodings = 0;
			knownRegions = (
				en,
				Base,
			);
			mainGroup = EDCC313C259137120022A916;
			productRefGroup = EDCC3146259137130022A916 /* Products */;
			projectDirPath = "";
			projectRoot = "";
			targets = (
				EDCC3144259137120022A916 /* FMNetworkExample */,
			);
		};
/* End PBXProject section */

/* Begin PBXResourcesBuildPhase section */
		EDCC3143259137120022A916 /* Resources */ = {
			isa = PBXResourcesBuildPhase;
			buildActionMask = 2147483647;
			files = (
				EDCC3158259137190022A916 /* LaunchScreen.storyboard in Resources */,
				EDCC3155259137190022A916 /* Assets.xcassets in Resources */,
				EDCC3150259137130022A916 /* Main.storyboard in Resources */,
			);
			runOnlyForDeploymentPostprocessing = 0;
		};
/* End PBXResourcesBuildPhase section */

/* Begin PBXSourcesBuildPhase section */
		EDCC3141259137120022A916 /* Sources */ = {
			isa = PBXSourcesBuildPhase;
			buildActionMask = 2147483647;
			files = (
				EDCC314D259137130022A916 /* ViewController.swift in Sources */,
				EDCC3149259137130022A916 /* AppDelegate.swift in Sources */,
				EDCC3153259137130022A916 /* FMNetworkExample.xcdatamodeld in Sources */,
				EDCC314B259137130022A916 /* SceneDelegate.swift in Sources */,
			);
			runOnlyForDeploymentPostprocessing = 0;
		};
/* End PBXSourcesBuildPhase section */

/* Begin PBXVariantGroup section */
		EDCC314E259137130022A916 /* Main.storyboard */ = {
			isa = PBXVariantGroup;
			children = (
				EDCC314F259137130022A916 /* Base */,
			);
			name = Main.storyboard;
			sourceTree = "<group>";
		};
		EDCC3156259137190022A916 /* LaunchScreen.storyboard */ = {
			isa = PBXVariantGroup;
			children = (
				EDCC3157259137190022A916 /* Base */,
			);
			name = LaunchScreen.storyboard;
			sourceTree = "<group>";
		};
/* End PBXVariantGroup section */

/* Begin XCBuildConfiguration section */
		EDCC315A259137190022A916 /* Debug */ = {
			isa = XCBuildConfiguration;
			buildSettings = {
				ALWAYS_SEARCH_USER_PATHS = NO;
				CLANG_ANALYZER_NONNULL = YES;
				CLANG_ANALYZER_NUMBER_OBJECT_CONVERSION = YES_AGGRESSIVE;
				CLANG_CXX_LANGUAGE_STANDARD = "gnu++14";
				CLANG_CXX_LIBRARY = "libc++";
				CLANG_ENABLE_MODULES = YES;
				CLANG_ENABLE_OBJC_ARC = YES;
				CLANG_ENABLE_OBJC_WEAK = YES;
				CLANG_WARN_BLOCK_CAPTURE_AUTORELEASING = YES;
				CLANG_WARN_BOOL_CONVERSION = YES;
				CLANG_WARN_COMMA = YES;
				CLANG_WARN_CONSTANT_CONVERSION = YES;
				CLANG_WARN_DEPRECATED_OBJC_IMPLEMENTATIONS = YES;
				CLANG_WARN_DIRECT_OBJC_ISA_USAGE = YES_ERROR;
				CLANG_WARN_DOCUMENTATION_COMMENTS = YES;
				CLANG_WARN_EMPTY_BODY = YES;
				CLANG_WARN_ENUM_CONVERSION = YES;
				CLANG_WARN_INFINITE_RECURSION = YES;
				CLANG_WARN_INT_CONVERSION = YES;
				CLANG_WARN_NON_LITERAL_NULL_CONVERSION = YES;
				CLANG_WARN_OBJC_IMPLICIT_RETAIN_SELF = YES;
				CLANG_WARN_OBJC_LITERAL_CONVERSION = YES;
				CLANG_WARN_OBJC_ROOT_CLASS = YES_ERROR;
				CLANG_WARN_QUOTED_INCLUDE_IN_FRAMEWORK_HEADER = YES;
				CLANG_WARN_RANGE_LOOP_ANALYSIS = YES;
				CLANG_WARN_STRICT_PROTOTYPES = YES;
				CLANG_WARN_SUSPICIOUS_MOVE = YES;
				CLANG_WARN_UNGUARDED_AVAILABILITY = YES_AGGRESSIVE;
				CLANG_WARN_UNREACHABLE_CODE = YES;
				CLANG_WARN__DUPLICATE_METHOD_MATCH = YES;
				COPY_PHASE_STRIP = NO;
				DEBUG_INFORMATION_FORMAT = dwarf;
				ENABLE_STRICT_OBJC_MSGSEND = YES;
				ENABLE_TESTABILITY = YES;
				GCC_C_LANGUAGE_STANDARD = gnu11;
				GCC_DYNAMIC_NO_PIC = NO;
				GCC_NO_COMMON_BLOCKS = YES;
				GCC_OPTIMIZATION_LEVEL = 0;
				GCC_PREPROCESSOR_DEFINITIONS = (
					"DEBUG=1",
					"$(inherited)",
				);
				GCC_WARN_64_TO_32_BIT_CONVERSION = YES;
				GCC_WARN_ABOUT_RETURN_TYPE = YES_ERROR;
				GCC_WARN_UNDECLARED_SELECTOR = YES;
				GCC_WARN_UNINITIALIZED_AUTOS = YES_AGGRESSIVE;
				GCC_WARN_UNUSED_FUNCTION = YES;
				GCC_WARN_UNUSED_VARIABLE = YES;
				IPHONEOS_DEPLOYMENT_TARGET = 14.3;
				MTL_ENABLE_DEBUG_INFO = INCLUDE_SOURCE;
				MTL_FAST_MATH = YES;
				ONLY_ACTIVE_ARCH = YES;
				SDKROOT = iphoneos;
				SWIFT_ACTIVE_COMPILATION_CONDITIONS = DEBUG;
				SWIFT_OPTIMIZATION_LEVEL = "-Onone";
			};
			name = Debug;
		};
		EDCC315B259137190022A916 /* Release */ = {
			isa = XCBuildConfiguration;
			buildSettings = {
				ALWAYS_SEARCH_USER_PATHS = NO;
				CLANG_ANALYZER_NONNULL = YES;
				CLANG_ANALYZER_NUMBER_OBJECT_CONVERSION = YES_AGGRESSIVE;
				CLANG_CXX_LANGUAGE_STANDARD = "gnu++14";
				CLANG_CXX_LIBRARY = "libc++";
				CLANG_ENABLE_MODULES = YES;
				CLANG_ENABLE_OBJC_ARC = YES;
				CLANG_ENABLE_OBJC_WEAK = YES;
				CLANG_WARN_BLOCK_CAPTURE_AUTORELEASING = YES;
				CLANG_WARN_BOOL_CONVERSION = YES;
				CLANG_WARN_COMMA = YES;
				CLANG_WARN_CONSTANT_CONVERSION = YES;
				CLANG_WARN_DEPRECATED_OBJC_IMPLEMENTATIONS = YES;
				CLANG_WARN_DIRECT_OBJC_ISA_USAGE = YES_ERROR;
				CLANG_WARN_DOCUMENTATION_COMMENTS = YES;
				CLANG_WARN_EMPTY_BODY = YES;
				CLANG_WARN_ENUM_CONVERSION = YES;
				CLANG_WARN_INFINITE_RECURSION = YES;
				CLANG_WARN_INT_CONVERSION = YES;
				CLANG_WARN_NON_LITERAL_NULL_CONVERSION = YES;
				CLANG_WARN_OBJC_IMPLICIT_RETAIN_SELF = YES;
				CLANG_WARN_OBJC_LITERAL_CONVERSION = YES;
				CLANG_WARN_OBJC_ROOT_CLASS = YES_ERROR;
				CLANG_WARN_QUOTED_INCLUDE_IN_FRAMEWORK_HEADER = YES;
				CLANG_WARN_RANGE_LOOP_ANALYSIS = YES;
				CLANG_WARN_STRICT_PROTOTYPES = YES;
				CLANG_WARN_SUSPICIOUS_MOVE = YES;
				CLANG_WARN_UNGUARDED_AVAILABILITY = YES_AGGRESSIVE;
				CLANG_WARN_UNREACHABLE_CODE = YES;
				CLANG_WARN__DUPLICATE_METHOD_MATCH = YES;
				COPY_PHASE_STRIP = NO;
				DEBUG_INFORMATION_FORMAT = "dwarf-with-dsym";
				ENABLE_NS_ASSERTIONS = NO;
				ENABLE_STRICT_OBJC_MSGSEND = YES;
				GCC_C_LANGUAGE_STANDARD = gnu11;
				GCC_NO_COMMON_BLOCKS = YES;
				GCC_WARN_64_TO_32_BIT_CONVERSION = YES;
				GCC_WARN_ABOUT_RETURN_TYPE = YES_ERROR;
				GCC_WARN_UNDECLARED_SELECTOR = YES;
				GCC_WARN_UNINITIALIZED_AUTOS = YES_AGGRESSIVE;
				GCC_WARN_UNUSED_FUNCTION = YES;
				GCC_WARN_UNUSED_VARIABLE = YES;
				IPHONEOS_DEPLOYMENT_TARGET = 14.3;
				MTL_ENABLE_DEBUG_INFO = NO;
				MTL_FAST_MATH = YES;
				SDKROOT = iphoneos;
				SWIFT_COMPILATION_MODE = wholemodule;
				SWIFT_OPTIMIZATION_LEVEL = "-O";
				VALIDATE_PRODUCT = YES;
			};
			name = Release;
		};
		EDCC315D259137190022A916 /* Debug */ = {
			isa = XCBuildConfiguration;
			buildSettings = {
				ASSETCATALOG_COMPILER_APPICON_NAME = AppIcon;
				ASSETCATALOG_COMPILER_GLOBAL_ACCENT_COLOR_NAME = AccentColor;
				CODE_SIGN_STYLE = Automatic;
				DEVELOPMENT_TEAM = ZL9396WK65;
				INFOPLIST_FILE = FMNetworkExample/Info.plist;
				LD_RUNPATH_SEARCH_PATHS = (
					"$(inherited)",
					"@executable_path/Frameworks",
				);
				PRODUCT_BUNDLE_IDENTIFIER = fr.plugn.FMNetworkExample;
				PRODUCT_NAME = "$(TARGET_NAME)";
				SWIFT_VERSION = 5.0;
				TARGETED_DEVICE_FAMILY = "1,2";
			};
			name = Debug;
		};
		EDCC315E259137190022A916 /* Release */ = {
			isa = XCBuildConfiguration;
			buildSettings = {
				ASSETCATALOG_COMPILER_APPICON_NAME = AppIcon;
				ASSETCATALOG_COMPILER_GLOBAL_ACCENT_COLOR_NAME = AccentColor;
				CODE_SIGN_STYLE = Automatic;
				DEVELOPMENT_TEAM = ZL9396WK65;
				INFOPLIST_FILE = FMNetworkExample/Info.plist;
				LD_RUNPATH_SEARCH_PATHS = (
					"$(inherited)",
					"@executable_path/Frameworks",
				);
				PRODUCT_BUNDLE_IDENTIFIER = fr.plugn.FMNetworkExample;
				PRODUCT_NAME = "$(TARGET_NAME)";
				SWIFT_VERSION = 5.0;
				TARGETED_DEVICE_FAMILY = "1,2";
			};
			name = Release;
		};
/* End XCBuildConfiguration section */

/* Begin XCConfigurationList section */
		EDCC3140259137120022A916 /* Build configuration list for PBXProject "FMNetworkExample" */ = {
			isa = XCConfigurationList;
			buildConfigurations = (
				EDCC315A259137190022A916 /* Debug */,
				EDCC315B259137190022A916 /* Release */,
			);
			defaultConfigurationIsVisible = 0;
			defaultConfigurationName = Release;
		};
		EDCC315C259137190022A916 /* Build configuration list for PBXNativeTarget "FMNetworkExample" */ = {
			isa = XCConfigurationList;
			buildConfigurations = (
				EDCC315D259137190022A916 /* Debug */,
				EDCC315E259137190022A916 /* Release */,
			);
			defaultConfigurationIsVisible = 0;
			defaultConfigurationName = Release;
		};
/* End XCConfigurationList section */

/* Begin XCVersionGroup section */
		EDCC3151259137130022A916 /* FMNetworkExample.xcdatamodeld */ = {
			isa = XCVersionGroup;
			children = (
				EDCC3152259137130022A916 /* FMNetworkExample.xcdatamodel */,
			);
			currentVersion = EDCC3152259137130022A916 /* FMNetworkExample.xcdatamodel */;
			path = FMNetworkExample.xcdatamodeld;
			sourceTree = "<group>";
			versionGroupType = wrapper.xcdatamodel;
		};
/* End XCVersionGroup section */
	};
	rootObject = EDCC313D259137120022A916 /* Project object */;
}
